
Microsoft Visual Studio Solution File, Format Version 12.00
# Visual Studio Version 17
VisualStudioVersion = 17.3.32811.315
MinimumVisualStudioVersion = 10.0.40219.1
Project("{6989167D-11E4-40FE-8C1A-2192A86A7E90}") = "Console4", "Console4\Console4.vfproj", "{0BB6213D-7029-4D95-9F30-06391D709970}"
EndProject
Global
	GlobalSection(SolutionConfigurationPlatforms) = preSolution
		Debug|x64 = Debug|x64
		Debug|x86 = Debug|x86
		Release|x64 = Release|x64
		Release|x86 = Release|x86
	EndGlobalSection
	GlobalSection(ProjectConfigurationPlatforms) = postSolution
		{0BB6213D-7029-4D95-9F30-06391D709970}.Debug|x64.ActiveCfg = Debug|x64
		{0BB6213D-7029-4D95-9F30-06391D709970}.Debug|x64.Build.0 = Debug|x64
		{0BB6213D-7029-4D95-9F30-06391D709970}.Debug|x86.ActiveCfg = Debug|Win32
		{0BB6213D-7029-4D95-9F30-06391D709970}.Debug|x86.Build.0 = Debug|Win32
		{0BB6213D-7029-4D95-9F30-06391D709970}.Release|x64.ActiveCfg = Release|x64
		{0BB6213D-7029-4D95-9F30-06391D709970}.Release|x64.Build.0 = Release|x64
		{0BB6213D-7029-4D95-9F30-06391D709970}.Release|x86.ActiveCfg = Release|Win32
		{0BB6213D-7029-4D95-9F30-06391D709970}.Release|x86.Build.0 = Release|Win32
	EndGlobalSection
	GlobalSection(SolutionProperties) = preSolution
		HideSolutionNode = FALSE
	EndGlobalSection
	GlobalSection(ExtensibilityGlobals) = postSolution
		SolutionGuid = {A454A178-8655-4195-BDE2-FA410D1BC089}
	EndGlobalSection
EndGlobal
